
Microsoft Visual Studio Solution File, Format Version 12.00
# Visual Studio Version 16
VisualStudioVersion = 16.0.31515.178
MinimumVisualStudioVersion = 10.0.40219.1
Project("{FAE04EC0-301F-11D3-BF4B-00C04F79EFBC}") = "BatchFileUpload", "BatchFileUpload\BatchFileUpload.csproj", "{31A15DB6-9354-4DCA-8121-2695C68BA425}"
EndProject
Project("{FAE04EC0-301F-11D3-BF4B-00C04F79EFBC}") = "UI", "UI\UI.csproj", "{10E62466-3628-4ABD-8B8E-1F5E79202522}"
EndProject
Global
	GlobalSection(SolutionConfigurationPlatforms) = preSolution
		Debug|Any CPU = Debug|Any CPU
		Release|Any CPU = Release|Any CPU
	EndGlobalSection
	GlobalSection(ProjectConfigurationPlatforms) = postSolution
		{31A15DB6-9354-4DCA-8121-2695C68BA425}.Debug|Any CPU.ActiveCfg = Debug|Any CPU
		{31A15DB6-9354-4DCA-8121-2695C68BA425}.Debug|Any CPU.Build.0 = Debug|Any CPU
		{31A15DB6-9354-4DCA-8121-2695C68BA425}.Release|Any CPU.ActiveCfg = Release|Any CPU
		{31A15DB6-9354-4DCA-8121-2695C68BA425}.Release|Any CPU.Build.0 = Release|Any CPU
		{10E62466-3628-4ABD-8B8E-1F5E79202522}.Debug|Any CPU.ActiveCfg = Debug|Any CPU
		{10E62466-3628-4ABD-8B8E-1F5E79202522}.Debug|Any CPU.Build.0 = Debug|Any CPU
		{10E62466-3628-4ABD-8B8E-1F5E79202522}.Release|Any CPU.ActiveCfg = Release|Any CPU
		{10E62466-3628-4ABD-8B8E-1F5E79202522}.Release|Any CPU.Build.0 = Release|Any CPU
	EndGlobalSection
	GlobalSection(SolutionProperties) = preSolution
		HideSolutionNode = FALSE
	EndGlobalSection
	GlobalSection(ExtensibilityGlobals) = postSolution
		SolutionGuid = {CF95AE85-CCAD-4DAF-8FC4-5F9BDFE50E12}
	EndGlobalSection
EndGlobal
